
Microsoft Visual Studio Solution File, Format Version 11.00
# Visual Studio 2010
Project("{FAE04EC0-301F-11D3-BF4B-00C04F79EFBC}") = "GerenciarSenhas", "GerenciarSenhas\GerenciarSenhas.csproj", "{61F3BA78-5D43-4C36-AED1-68C59E47FF62}"
EndProject
Global
	GlobalSection(SolutionConfigurationPlatforms) = preSolution
		Debug|x86 = Debug|x86
		Release|x86 = Release|x86
	EndGlobalSection
	GlobalSection(ProjectConfigurationPlatforms) = postSolution
		{61F3BA78-5D43-4C36-AED1-68C59E47FF62}.Debug|x86.ActiveCfg = Debug|x86
		{61F3BA78-5D43-4C36-AED1-68C59E47FF62}.Debug|x86.Build.0 = Debug|x86
		{61F3BA78-5D43-4C36-AED1-68C59E47FF62}.Release|x86.ActiveCfg = Release|x86
		{61F3BA78-5D43-4C36-AED1-68C59E47FF62}.Release|x86.Build.0 = Release|x86
	EndGlobalSection
	GlobalSection(SolutionProperties) = preSolution
		HideSolutionNode = FALSE
	EndGlobalSection
EndGlobal
